
Microsoft Visual Studio Solution File, Format Version 12.00
# Visual Studio 15
VisualStudioVersion = 15.0.28010.2026
MinimumVisualStudioVersion = 10.0.40219.1
Project("{FAE04EC0-301F-11D3-BF4B-00C04F79EFBC}") = "MrAudio", "MrAudio\MrAudio.csproj", "{02A1F6BA-C8BA-4272-A615-9524D7D76744}"
EndProject
Project("{FAE04EC0-301F-11D3-BF4B-00C04F79EFBC}") = "ObjectListView2012", "MrAudio\ObjectListView\ObjectListView2012.csproj", "{18FEDA0C-D147-4286-B39A-01204808106A}"
EndProject
Project("{FAE04EC0-301F-11D3-BF4B-00C04F79EFBC}") = "WaveFormRendererLib", "MrAudio\WaveFormRendererLib\WaveFormRendererLib.csproj", "{3EFEF2D1-5D08-46FD-AF6D-098DBE7FB3B4}"
EndProject
Global
	GlobalSection(SolutionConfigurationPlatforms) = preSolution
		Debug|Any CPU = Debug|Any CPU
		Release|Any CPU = Release|Any CPU
	EndGlobalSection
	GlobalSection(ProjectConfigurationPlatforms) = postSolution
		{02A1F6BA-C8BA-4272-A615-9524D7D76744}.Debug|Any CPU.ActiveCfg = Debug|Any CPU
		{02A1F6BA-C8BA-4272-A615-9524D7D76744}.Debug|Any CPU.Build.0 = Debug|Any CPU
		{02A1F6BA-C8BA-4272-A615-9524D7D76744}.Release|Any CPU.ActiveCfg = Release|Any CPU
		{02A1F6BA-C8BA-4272-A615-9524D7D76744}.Release|Any CPU.Build.0 = Release|Any CPU
		{18FEDA0C-D147-4286-B39A-01204808106A}.Debug|Any CPU.ActiveCfg = Debug|Any CPU
		{18FEDA0C-D147-4286-B39A-01204808106A}.Debug|Any CPU.Build.0 = Debug|Any CPU
		{18FEDA0C-D147-4286-B39A-01204808106A}.Release|Any CPU.ActiveCfg = Release|Any CPU
		{18FEDA0C-D147-4286-B39A-01204808106A}.Release|Any CPU.Build.0 = Release|Any CPU
		{3EFEF2D1-5D08-46FD-AF6D-098DBE7FB3B4}.Debug|Any CPU.ActiveCfg = Debug|Any CPU
		{3EFEF2D1-5D08-46FD-AF6D-098DBE7FB3B4}.Debug|Any CPU.Build.0 = Debug|Any CPU
		{3EFEF2D1-5D08-46FD-AF6D-098DBE7FB3B4}.Release|Any CPU.ActiveCfg = Release|Any CPU
		{3EFEF2D1-5D08-46FD-AF6D-098DBE7FB3B4}.Release|Any CPU.Build.0 = Release|Any CPU
	EndGlobalSection
	GlobalSection(SolutionProperties) = preSolution
		HideSolutionNode = FALSE
	EndGlobalSection
	GlobalSection(ExtensibilityGlobals) = postSolution
		SolutionGuid = {314DBBDC-6BB8-4EF5-9DCF-875634794DE1}
	EndGlobalSection
EndGlobal
